{
  "name": "msra-lsp",
  "version": "0.1.0",
  "lockfileVersion": 3,
  "requires": true,
  "packages": {
    "": {
      "name": "msra-lsp",
      "version": "0.1.0",
      "license": "GPL-3.0-or-later",
      "dependencies": {
        "vscode-jsonrpc": "^8.2.0"
      },
      "bin": {
        "msra-lsp": "bin/msra.js"
      },
      "engines": {
        "node": ">=18.0.0"
      }
    },
    "node_modules/vscode-jsonrpc": {
      "version": "8.2.1",
      "resolved": "https://registry.npmjs.org/vscode-jsonrpc/-/vscode-jsonrpc-8.2.1.tgz",
      "integrity": "sha512-kdjOSJ2lLIn7r1rtrMbbNCHjyMPfRnowdKjBQ+mGq6NAW5QY2bEZC/khaC5OR8svbbjvLEaIXkOq45e2X9BIbQ==",
      "license": "MIT",
      "engines": {
        "node": ">=14.0.0"
      }
    }
  }
}
